
Microsoft Visual Studio Solution File, Format Version 12.00
# Visual Studio Version 17
VisualStudioVersion = 17.2.32526.322
MinimumVisualStudioVersion = 10.0.40219.1
Project("{FAE04EC0-301F-11D3-BF4B-00C04F79EFBC}") = "Aula4_Matrizes", "Aula4_Matrizes\Aula4_Matrizes.csproj", "{BB469B54-3D18-4C9B-BE80-1A9A3D1842A9}"
EndProject
Global
	GlobalSection(SolutionConfigurationPlatforms) = preSolution
		Debug|Any CPU = Debug|Any CPU
		Release|Any CPU = Release|Any CPU
	EndGlobalSection
	GlobalSection(ProjectConfigurationPlatforms) = postSolution
		{BB469B54-3D18-4C9B-BE80-1A9A3D1842A9}.Debug|Any CPU.ActiveCfg = Debug|Any CPU
		{BB469B54-3D18-4C9B-BE80-1A9A3D1842A9}.Debug|Any CPU.Build.0 = Debug|Any CPU
		{BB469B54-3D18-4C9B-BE80-1A9A3D1842A9}.Release|Any CPU.ActiveCfg = Release|Any CPU
		{BB469B54-3D18-4C9B-BE80-1A9A3D1842A9}.Release|Any CPU.Build.0 = Release|Any CPU
	EndGlobalSection
	GlobalSection(SolutionProperties) = preSolution
		HideSolutionNode = FALSE
	EndGlobalSection
	GlobalSection(ExtensibilityGlobals) = postSolution
		SolutionGuid = {B87677DB-C5EA-459C-8255-FBF8B6444E1F}
	EndGlobalSection
EndGlobal
