
Microsoft Visual Studio Solution File, Format Version 12.00
# Visual Studio Version 17
VisualStudioVersion = 17.2.32526.322
MinimumVisualStudioVersion = 10.0.40219.1
Project("{FAE04EC0-301F-11D3-BF4B-00C04F79EFBC}") = "Aula5_POO", "Aula5_POO\Aula5_POO.csproj", "{AB76A845-93A0-4275-BC9B-CFEDD95F32CB}"
EndProject
Global
	GlobalSection(SolutionConfigurationPlatforms) = preSolution
		Debug|Any CPU = Debug|Any CPU
		Release|Any CPU = Release|Any CPU
	EndGlobalSection
	GlobalSection(ProjectConfigurationPlatforms) = postSolution
		{AB76A845-93A0-4275-BC9B-CFEDD95F32CB}.Debug|Any CPU.ActiveCfg = Debug|Any CPU
		{AB76A845-93A0-4275-BC9B-CFEDD95F32CB}.Debug|Any CPU.Build.0 = Debug|Any CPU
		{AB76A845-93A0-4275-BC9B-CFEDD95F32CB}.Release|Any CPU.ActiveCfg = Release|Any CPU
		{AB76A845-93A0-4275-BC9B-CFEDD95F32CB}.Release|Any CPU.Build.0 = Release|Any CPU
	EndGlobalSection
	GlobalSection(SolutionProperties) = preSolution
		HideSolutionNode = FALSE
	EndGlobalSection
	GlobalSection(ExtensibilityGlobals) = postSolution
		SolutionGuid = {39831076-D160-41CA-81B0-2B549280D612}
	EndGlobalSection
EndGlobal
