
Microsoft Visual Studio Solution File, Format Version 12.00
# Visual Studio Version 17
VisualStudioVersion = 17.2.32526.322
MinimumVisualStudioVersion = 10.0.40219.1
Project("{FAE04EC0-301F-11D3-BF4B-00C04F79EFBC}") = "Aula1_Fundamentos", "Aula1_Fundamentos\Aula1_Fundamentos.csproj", "{313CA71C-5532-4514-81DA-7FEEBDA5A62B}"
EndProject
Global
	GlobalSection(SolutionConfigurationPlatforms) = preSolution
		Debug|Any CPU = Debug|Any CPU
		Release|Any CPU = Release|Any CPU
	EndGlobalSection
	GlobalSection(ProjectConfigurationPlatforms) = postSolution
		{313CA71C-5532-4514-81DA-7FEEBDA5A62B}.Debug|Any CPU.ActiveCfg = Debug|Any CPU
		{313CA71C-5532-4514-81DA-7FEEBDA5A62B}.Debug|Any CPU.Build.0 = Debug|Any CPU
		{313CA71C-5532-4514-81DA-7FEEBDA5A62B}.Release|Any CPU.ActiveCfg = Release|Any CPU
		{313CA71C-5532-4514-81DA-7FEEBDA5A62B}.Release|Any CPU.Build.0 = Release|Any CPU
	EndGlobalSection
	GlobalSection(SolutionProperties) = preSolution
		HideSolutionNode = FALSE
	EndGlobalSection
	GlobalSection(ExtensibilityGlobals) = postSolution
		SolutionGuid = {770F0FAE-CE37-4B9F-96FE-403636F36024}
	EndGlobalSection
EndGlobal
